{
  "version": 4,
  "terraform_version": "1.10.3",
  "serial": 332,
  "lineage": "493d0b04-ab7a-e547-aeb3-1a3e005aaafe",
  "outputs": {},
  "resources": [
    {
      "mode": "managed",
      "type": "harvester_virtualmachine",
      "name": "minion",
      "provider": "provider[\"registry.terraform.io/harvester/harvester\"]",
      "instances": [
        {
          "index_key": 0,
          "schema_version": 0,
          "attributes": {
            "cloudinit": [
              {
                "network_data": "",
                "network_data_base64": "",
                "network_data_secret_name": "",
                "type": "noCloud",
                "user_data": "",
                "user_data_base64": "",
                "user_data_secret_name": "minion-salt"
              }
            ],
            "cpu": 6,
            "description": "ubuntu24 minion image",
            "disk": [
              {
                "access_mode": "ReadWriteMany",
                "auto_delete": true,
                "boot_order": 1,
                "bus": "virtio",
                "container_image_name": "",
                "existing_volume_name": "",
                "hot_plug": false,
                "image": "default/image-ffn9f",
                "name": "rootdisk",
                "size": "50Gi",
                "storage_class_name": "longhorn-image-ffn9f",
                "type": "disk",
                "volume_mode": "Block",
                "volume_name": "minion-0-rootdisk-r92sm"
              }
            ],
            "efi": true,
            "hostname": "minion-0",
            "id": "default/minion-0",
            "input": [],
            "machine_type": "q35",
            "memory": "12Gi",
            "message": null,
            "name": "minion-0",
            "namespace": "default",
            "network_interface": [
              {
                "interface_name": "",
                "ip_address": "",
                "mac_address": "1a:f9:53:40:25:9e",
                "model": "virtio",
                "name": "nic-1",
                "network_name": "default/vlan2",
                "type": "bridge",
                "wait_for_lease": true
              }
            ],
            "node_name": "harv1",
            "reserved_memory": "100Mi",
            "restart_after_update": true,
            "run_strategy": "RerunOnFailure",
            "secure_boot": false,
            "ssh_keys": [],
            "start": null,
            "state": "Running",
            "tags": {
              "app": "nginx"
            },
            "timeouts": null,
            "tpm": []
          },
          "sensitive_attributes": [],
          "private": "eyJlMmJmYjczMC1lY2FhLTExZTYtOGY4OC0zNDM2M2JjN2M0YzAiOnsiY3JlYXRlIjoxMjAwMDAwMDAwMDAsImRlZmF1bHQiOjEyMDAwMDAwMDAwMCwiZGVsZXRlIjozMDAwMDAwMDAwMDAsInJlYWQiOjEyMDAwMDAwMDAwMCwidXBkYXRlIjoxMjAwMDAwMDAwMDB9fQ=="
        },
        {
          "index_key": 1,
          "schema_version": 0,
          "attributes": {
            "cloudinit": [
              {
                "network_data": "",
                "network_data_base64": "",
                "network_data_secret_name": "",
                "type": "noCloud",
                "user_data": "",
                "user_data_base64": "",
                "user_data_secret_name": "minion-salt"
              }
            ],
            "cpu": 6,
            "description": "ubuntu24 minion image",
            "disk": [
              {
                "access_mode": "ReadWriteMany",
                "auto_delete": true,
                "boot_order": 1,
                "bus": "virtio",
                "container_image_name": "",
                "existing_volume_name": "",
                "hot_plug": false,
                "image": "default/image-ffn9f",
                "name": "rootdisk",
                "size": "50Gi",
                "storage_class_name": "longhorn-image-ffn9f",
                "type": "disk",
                "volume_mode": "Block",
                "volume_name": "minion-1-rootdisk-frtdm"
              }
            ],
            "efi": true,
            "hostname": "minion-1",
            "id": "default/minion-1",
            "input": [],
            "machine_type": "q35",
            "memory": "12Gi",
            "message": null,
            "name": "minion-1",
            "namespace": "default",
            "network_interface": [
              {
                "interface_name": "enp1s0",
                "ip_address": "10.0.2.178",
                "mac_address": "ea:7b:f5:bd:56:92",
                "model": "virtio",
                "name": "nic-1",
                "network_name": "default/vlan2",
                "type": "bridge",
                "wait_for_lease": true
              }
            ],
            "node_name": "harv2",
            "reserved_memory": "100Mi",
            "restart_after_update": true,
            "run_strategy": "RerunOnFailure",
            "secure_boot": false,
            "ssh_keys": [],
            "start": null,
            "state": "Ready",
            "tags": {
              "app": "nginx"
            },
            "timeouts": null,
            "tpm": []
          },
          "sensitive_attributes": [],
          "private": "eyJlMmJmYjczMC1lY2FhLTExZTYtOGY4OC0zNDM2M2JjN2M0YzAiOnsiY3JlYXRlIjoxMjAwMDAwMDAwMDAsImRlZmF1bHQiOjEyMDAwMDAwMDAwMCwiZGVsZXRlIjozMDAwMDAwMDAwMDAsInJlYWQiOjEyMDAwMDAwMDAwMCwidXBkYXRlIjoxMjAwMDAwMDAwMDB9fQ=="
        },
        {
          "index_key": 2,
          "schema_version": 0,
          "attributes": {
            "cloudinit": [
              {
                "network_data": "",
                "network_data_base64": "",
                "network_data_secret_name": "",
                "type": "noCloud",
                "user_data": "",
                "user_data_base64": "",
                "user_data_secret_name": "minion-salt"
              }
            ],
            "cpu": 6,
            "description": "ubuntu24 minion image",
            "disk": [
              {
                "access_mode": "ReadWriteMany",
                "auto_delete": true,
                "boot_order": 1,
                "bus": "virtio",
                "container_image_name": "",
                "existing_volume_name": "",
                "hot_plug": false,
                "image": "default/image-ffn9f",
                "name": "rootdisk",
                "size": "50Gi",
                "storage_class_name": "longhorn-image-ffn9f",
                "type": "disk",
                "volume_mode": "Block",
                "volume_name": "minion-2-rootdisk-7hf2g"
              }
            ],
            "efi": true,
            "hostname": "minion-2",
            "id": "default/minion-2",
            "input": [],
            "machine_type": "q35",
            "memory": "12Gi",
            "message": null,
            "name": "minion-2",
            "namespace": "default",
            "network_interface": [
              {
                "interface_name": "enp1s0",
                "ip_address": "10.0.2.34",
                "mac_address": "2e:2e:a2:5f:d1:d8",
                "model": "virtio",
                "name": "nic-1",
                "network_name": "default/vlan2",
                "type": "bridge",
                "wait_for_lease": true
              }
            ],
            "node_name": "harv2",
            "reserved_memory": "100Mi",
            "restart_after_update": true,
            "run_strategy": "RerunOnFailure",
            "secure_boot": false,
            "ssh_keys": [],
            "start": null,
            "state": "Ready",
            "tags": {
              "app": "nginx"
            },
            "timeouts": null,
            "tpm": []
          },
          "sensitive_attributes": [],
          "private": "eyJlMmJmYjczMC1lY2FhLTExZTYtOGY4OC0zNDM2M2JjN2M0YzAiOnsiY3JlYXRlIjoxMjAwMDAwMDAwMDAsImRlZmF1bHQiOjEyMDAwMDAwMDAwMCwiZGVsZXRlIjozMDAwMDAwMDAwMDAsInJlYWQiOjEyMDAwMDAwMDAwMCwidXBkYXRlIjoxMjAwMDAwMDAwMDB9fQ=="
        },
        {
          "index_key": 3,
          "schema_version": 0,
          "attributes": {
            "cloudinit": [
              {
                "network_data": "",
                "network_data_base64": "",
                "network_data_secret_name": "",
                "type": "noCloud",
                "user_data": "",
                "user_data_base64": "",
                "user_data_secret_name": "minion-salt"
              }
            ],
            "cpu": 6,
            "description": "ubuntu24 minion image",
            "disk": [
              {
                "access_mode": "ReadWriteMany",
                "auto_delete": true,
                "boot_order": 1,
                "bus": "virtio",
                "container_image_name": "",
                "existing_volume_name": "",
                "hot_plug": false,
                "image": "default/image-ffn9f",
                "name": "rootdisk",
                "size": "50Gi",
                "storage_class_name": "longhorn-image-ffn9f",
                "type": "disk",
                "volume_mode": "Block",
                "volume_name": "minion-3-rootdisk-7chfn"
              }
            ],
            "efi": true,
            "hostname": "minion-3",
            "id": "default/minion-3",
            "input": [],
            "machine_type": "q35",
            "memory": "12Gi",
            "message": null,
            "name": "minion-3",
            "namespace": "default",
            "network_interface": [
              {
                "interface_name": "enp1s0",
                "ip_address": "10.0.2.9",
                "mac_address": "a6:b8:43:a5:6f:50",
                "model": "virtio",
                "name": "nic-1",
                "network_name": "default/vlan2",
                "type": "bridge",
                "wait_for_lease": true
              }
            ],
            "node_name": "harv1",
            "reserved_memory": "100Mi",
            "restart_after_update": true,
            "run_strategy": "RerunOnFailure",
            "secure_boot": false,
            "ssh_keys": [],
            "start": null,
            "state": "Ready",
            "tags": {
              "app": "nginx"
            },
            "timeouts": null,
            "tpm": []
          },
          "sensitive_attributes": [],
          "private": "eyJlMmJmYjczMC1lY2FhLTExZTYtOGY4OC0zNDM2M2JjN2M0YzAiOnsiY3JlYXRlIjoxMjAwMDAwMDAwMDAsImRlZmF1bHQiOjEyMDAwMDAwMDAwMCwiZGVsZXRlIjozMDAwMDAwMDAwMDAsInJlYWQiOjEyMDAwMDAwMDAwMCwidXBkYXRlIjoxMjAwMDAwMDAwMDB9fQ=="
        },
        {
          "index_key": 4,
          "schema_version": 0,
          "attributes": {
            "cloudinit": [
              {
                "network_data": "",
                "network_data_base64": "",
                "network_data_secret_name": "",
                "type": "noCloud",
                "user_data": "",
                "user_data_base64": "",
                "user_data_secret_name": "minion-salt"
              }
            ],
            "cpu": 6,
            "description": "ubuntu24 minion image",
            "disk": [
              {
                "access_mode": "ReadWriteMany",
                "auto_delete": true,
                "boot_order": 1,
                "bus": "virtio",
                "container_image_name": "",
                "existing_volume_name": "",
                "hot_plug": false,
                "image": "default/image-ffn9f",
                "name": "rootdisk",
                "size": "50Gi",
                "storage_class_name": "longhorn-image-ffn9f",
                "type": "disk",
                "volume_mode": "Block",
                "volume_name": "minion-4-rootdisk-bs29d"
              }
            ],
            "efi": true,
            "hostname": "minion-4",
            "id": "default/minion-4",
            "input": [],
            "machine_type": "q35",
            "memory": "12Gi",
            "message": null,
            "name": "minion-4",
            "namespace": "default",
            "network_interface": [
              {
                "interface_name": "",
                "ip_address": "",
                "mac_address": "82:5e:35:f9:06:1a",
                "model": "virtio",
                "name": "nic-1",
                "network_name": "default/vlan2",
                "type": "bridge",
                "wait_for_lease": true
              }
            ],
            "node_name": "",
            "reserved_memory": "100Mi",
            "restart_after_update": true,
            "run_strategy": "RerunOnFailure",
            "secure_boot": false,
            "ssh_keys": [],
            "start": null,
            "state": "Starting",
            "tags": {
              "app": "nginx"
            },
            "timeouts": null,
            "tpm": []
          },
          "sensitive_attributes": [],
          "private": "eyJlMmJmYjczMC1lY2FhLTExZTYtOGY4OC0zNDM2M2JjN2M0YzAiOnsiY3JlYXRlIjoxMjAwMDAwMDAwMDAsImRlZmF1bHQiOjEyMDAwMDAwMDAwMCwiZGVsZXRlIjozMDAwMDAwMDAwMDAsInJlYWQiOjEyMDAwMDAwMDAwMCwidXBkYXRlIjoxMjAwMDAwMDAwMDB9fQ=="
        },
        {
          "index_key": 5,
          "schema_version": 0,
          "attributes": {
            "cloudinit": [
              {
                "network_data": "",
                "network_data_base64": "",
                "network_data_secret_name": "",
                "type": "noCloud",
                "user_data": "",
                "user_data_base64": "",
                "user_data_secret_name": "minion-salt"
              }
            ],
            "cpu": 6,
            "description": "ubuntu24 minion image",
            "disk": [
              {
                "access_mode": "ReadWriteMany",
                "auto_delete": true,
                "boot_order": 1,
                "bus": "virtio",
                "container_image_name": "",
                "existing_volume_name": "",
                "hot_plug": false,
                "image": "default/image-ffn9f",
                "name": "rootdisk",
                "size": "50Gi",
                "storage_class_name": "longhorn-image-ffn9f",
                "type": "disk",
                "volume_mode": "Block",
                "volume_name": "minion-5-rootdisk-tdgd8"
              }
            ],
            "efi": true,
            "hostname": "minion-5",
            "id": "default/minion-5",
            "input": [],
            "machine_type": "q35",
            "memory": "12Gi",
            "message": null,
            "name": "minion-5",
            "namespace": "default",
            "network_interface": [
              {
                "interface_name": "enp1s0",
                "ip_address": "10.0.2.152",
                "mac_address": "b2:8b:6a:10:52:31",
                "model": "virtio",
                "name": "nic-1",
                "network_name": "default/vlan2",
                "type": "bridge",
                "wait_for_lease": true
              }
            ],
            "node_name": "harv4",
            "reserved_memory": "100Mi",
            "restart_after_update": true,
            "run_strategy": "RerunOnFailure",
            "secure_boot": false,
            "ssh_keys": [],
            "start": null,
            "state": "Ready",
            "tags": {
              "app": "nginx"
            },
            "timeouts": null,
            "tpm": []
          },
          "sensitive_attributes": [],
          "private": "eyJlMmJmYjczMC1lY2FhLTExZTYtOGY4OC0zNDM2M2JjN2M0YzAiOnsiY3JlYXRlIjoxMjAwMDAwMDAwMDAsImRlZmF1bHQiOjEyMDAwMDAwMDAwMCwiZGVsZXRlIjozMDAwMDAwMDAwMDAsInJlYWQiOjEyMDAwMDAwMDAwMCwidXBkYXRlIjoxMjAwMDAwMDAwMDB9fQ=="
        },
        {
          "index_key": 6,
          "schema_version": 0,
          "attributes": {
            "cloudinit": [
              {
                "network_data": "",
                "network_data_base64": "",
                "network_data_secret_name": "",
                "type": "noCloud",
                "user_data": "",
                "user_data_base64": "",
                "user_data_secret_name": "minion-salt"
              }
            ],
            "cpu": 6,
            "description": "ubuntu24 minion image",
            "disk": [
              {
                "access_mode": "ReadWriteMany",
                "auto_delete": true,
                "boot_order": 1,
                "bus": "virtio",
                "container_image_name": "",
                "existing_volume_name": "",
                "hot_plug": false,
                "image": "default/image-ffn9f",
                "name": "rootdisk",
                "size": "50Gi",
                "storage_class_name": "longhorn-image-ffn9f",
                "type": "disk",
                "volume_mode": "Block",
                "volume_name": "minion-6-rootdisk-jmvqm"
              }
            ],
            "efi": true,
            "hostname": "minion-6",
            "id": "default/minion-6",
            "input": [],
            "machine_type": "q35",
            "memory": "12Gi",
            "message": null,
            "name": "minion-6",
            "namespace": "default",
            "network_interface": [
              {
                "interface_name": "enp1s0",
                "ip_address": "10.0.2.245",
                "mac_address": "2a:2d:46:d2:43:dc",
                "model": "virtio",
                "name": "nic-1",
                "network_name": "default/vlan2",
                "type": "bridge",
                "wait_for_lease": true
              }
            ],
            "node_name": "harv4",
            "reserved_memory": "100Mi",
            "restart_after_update": true,
            "run_strategy": "RerunOnFailure",
            "secure_boot": false,
            "ssh_keys": [],
            "start": null,
            "state": "Ready",
            "tags": {
              "app": "nginx"
            },
            "timeouts": null,
            "tpm": []
          },
          "sensitive_attributes": [],
          "private": "eyJlMmJmYjczMC1lY2FhLTExZTYtOGY4OC0zNDM2M2JjN2M0YzAiOnsiY3JlYXRlIjoxMjAwMDAwMDAwMDAsImRlZmF1bHQiOjEyMDAwMDAwMDAwMCwiZGVsZXRlIjozMDAwMDAwMDAwMDAsInJlYWQiOjEyMDAwMDAwMDAwMCwidXBkYXRlIjoxMjAwMDAwMDAwMDB9fQ=="
        },
        {
          "index_key": 7,
          "schema_version": 0,
          "attributes": {
            "cloudinit": [
              {
                "network_data": "",
                "network_data_base64": "",
                "network_data_secret_name": "",
                "type": "noCloud",
                "user_data": "",
                "user_data_base64": "",
                "user_data_secret_name": "minion-salt"
              }
            ],
            "cpu": 6,
            "description": "ubuntu24 minion image",
            "disk": [
              {
                "access_mode": "ReadWriteMany",
                "auto_delete": true,
                "boot_order": 1,
                "bus": "virtio",
                "container_image_name": "",
                "existing_volume_name": "",
                "hot_plug": false,
                "image": "default/image-ffn9f",
                "name": "rootdisk",
                "size": "50Gi",
                "storage_class_name": "longhorn-image-ffn9f",
                "type": "disk",
                "volume_mode": "Block",
                "volume_name": "minion-7-rootdisk-xj5c4"
              }
            ],
            "efi": true,
            "hostname": "minion-7",
            "id": "default/minion-7",
            "input": [],
            "machine_type": "q35",
            "memory": "12Gi",
            "message": null,
            "name": "minion-7",
            "namespace": "default",
            "network_interface": [
              {
                "interface_name": "enp1s0",
                "ip_address": "10.0.2.127",
                "mac_address": "6e:a0:7a:c5:e5:32",
                "model": "virtio",
                "name": "nic-1",
                "network_name": "default/vlan2",
                "type": "bridge",
                "wait_for_lease": true
              }
            ],
            "node_name": "harv4",
            "reserved_memory": "100Mi",
            "restart_after_update": true,
            "run_strategy": "RerunOnFailure",
            "secure_boot": false,
            "ssh_keys": [],
            "start": null,
            "state": "Ready",
            "tags": {
              "app": "nginx"
            },
            "timeouts": null,
            "tpm": []
          },
          "sensitive_attributes": [],
          "private": "eyJlMmJmYjczMC1lY2FhLTExZTYtOGY4OC0zNDM2M2JjN2M0YzAiOnsiY3JlYXRlIjoxMjAwMDAwMDAwMDAsImRlZmF1bHQiOjEyMDAwMDAwMDAwMCwiZGVsZXRlIjozMDAwMDAwMDAwMDAsInJlYWQiOjEyMDAwMDAwMDAwMCwidXBkYXRlIjoxMjAwMDAwMDAwMDB9fQ=="
        },
        {
          "index_key": 8,
          "schema_version": 0,
          "attributes": {
            "cloudinit": [
              {
                "network_data": "",
                "network_data_base64": "",
                "network_data_secret_name": "",
                "type": "noCloud",
                "user_data": "",
                "user_data_base64": "",
                "user_data_secret_name": "minion-salt"
              }
            ],
            "cpu": 6,
            "description": "ubuntu24 minion image",
            "disk": [
              {
                "access_mode": "ReadWriteMany",
                "auto_delete": true,
                "boot_order": 1,
                "bus": "virtio",
                "container_image_name": "",
                "existing_volume_name": "",
                "hot_plug": false,
                "image": "default/image-ffn9f",
                "name": "rootdisk",
                "size": "50Gi",
                "storage_class_name": "longhorn-image-ffn9f",
                "type": "disk",
                "volume_mode": "Block",
                "volume_name": "minion-8-rootdisk-h9kmp"
              }
            ],
            "efi": true,
            "hostname": "minion-8",
            "id": "default/minion-8",
            "input": [],
            "machine_type": "q35",
            "memory": "12Gi",
            "message": null,
            "name": "minion-8",
            "namespace": "default",
            "network_interface": [
              {
                "interface_name": "enp1s0",
                "ip_address": "10.0.2.138",
                "mac_address": "d6:f1:f4:db:08:75",
                "model": "virtio",
                "name": "nic-1",
                "network_name": "default/vlan2",
                "type": "bridge",
                "wait_for_lease": true
              }
            ],
            "node_name": "harv1",
            "reserved_memory": "100Mi",
            "restart_after_update": true,
            "run_strategy": "RerunOnFailure",
            "secure_boot": false,
            "ssh_keys": [],
            "start": null,
            "state": "Ready",
            "tags": {
              "app": "nginx"
            },
            "timeouts": null,
            "tpm": []
          },
          "sensitive_attributes": [],
          "private": "eyJlMmJmYjczMC1lY2FhLTExZTYtOGY4OC0zNDM2M2JjN2M0YzAiOnsiY3JlYXRlIjoxMjAwMDAwMDAwMDAsImRlZmF1bHQiOjEyMDAwMDAwMDAwMCwiZGVsZXRlIjozMDAwMDAwMDAwMDAsInJlYWQiOjEyMDAwMDAwMDAwMCwidXBkYXRlIjoxMjAwMDAwMDAwMDB9fQ=="
        }
      ]
    },
    {
      "mode": "managed",
      "type": "harvester_virtualmachine",
      "name": "omv-nfs",
      "provider": "provider[\"registry.terraform.io/harvester/harvester\"]",
      "instances": [
        {
          "schema_version": 0,
          "attributes": {
            "cloudinit": [
              {
                "network_data": "",
                "network_data_base64": "",
                "network_data_secret_name": "base-clone",
                "type": "noCloud",
                "user_data": "",
                "user_data_base64": "",
                "user_data_secret_name": "base-clone"
              }
            ],
            "cpu": 8,
            "description": "K8s Default Storage Provider",
            "disk": [
              {
                "access_mode": "ReadWriteMany",
                "auto_delete": false,
                "boot_order": 1,
                "bus": "virtio",
                "container_image_name": "",
                "existing_volume_name": "",
                "hot_plug": false,
                "image": "",
                "name": "disk-1",
                "size": "1000Gi",
                "storage_class_name": "long-bulk",
                "type": "disk",
                "volume_mode": "Block",
                "volume_name": "omv-nfs-disk-1-oxhs1"
              },
              {
                "access_mode": "ReadWriteMany",
                "auto_delete": false,
                "boot_order": 2,
                "bus": "virtio",
                "container_image_name": "",
                "existing_volume_name": "",
                "hot_plug": false,
                "image": "",
                "name": "rootdisk",
                "size": "1Ti",
                "storage_class_name": "long-bulk",
                "type": "disk",
                "volume_mode": "Block",
                "volume_name": "omv-nfs-rootdisk-fz7s5"
              }
            ],
            "efi": true,
            "hostname": "omv-nfs",
            "id": "default/omv-nfs",
            "input": [],
            "machine_type": "q35",
            "memory": "16Gi",
            "message": null,
            "name": "omv-nfs",
            "namespace": "default",
            "network_interface": [
              {
                "interface_name": "",
                "ip_address": "2601:249:9280:22a1:3cda:53ff:febf:70f2",
                "mac_address": "3e:da:53:bf:70:f2",
                "model": "virtio",
                "name": "nic-1",
                "network_name": "default/vlan2",
                "type": "bridge",
                "wait_for_lease": false
              }
            ],
            "node_name": "harv2",
            "reserved_memory": "100Mi",
            "restart_after_update": true,
            "run_strategy": "RerunOnFailure",
            "secure_boot": false,
            "ssh_keys": [],
            "start": null,
            "state": "Ready",
            "tags": {
              "ssh-user": "admin"
            },
            "timeouts": null,
            "tpm": []
          },
          "sensitive_attributes": [],
          "private": "eyJlMmJmYjczMC1lY2FhLTExZTYtOGY4OC0zNDM2M2JjN2M0YzAiOnsiY3JlYXRlIjoxMjAwMDAwMDAwMDAsImRlZmF1bHQiOjEyMDAwMDAwMDAwMCwiZGVsZXRlIjozMDAwMDAwMDAwMDAsInJlYWQiOjEyMDAwMDAwMDAwMCwidXBkYXRlIjoxMjAwMDAwMDAwMDB9fQ=="
        }
      ]
    },
    {
      "mode": "managed",
      "type": "harvester_virtualmachine",
      "name": "salt-master",
      "provider": "provider[\"registry.terraform.io/harvester/harvester\"]",
      "instances": [
        {
          "schema_version": 0,
          "attributes": {
            "cloudinit": [
              {
                "network_data": "",
                "network_data_base64": "",
                "network_data_secret_name": "",
                "type": "noCloud",
                "user_data": "",
                "user_data_base64": "",
                "user_data_secret_name": "base-clone"
              }
            ],
            "cpu": 4,
            "description": "Salt Master Node",
            "disk": [
              {
                "access_mode": "ReadWriteMany",
                "auto_delete": true,
                "boot_order": 1,
                "bus": "virtio",
                "container_image_name": "",
                "existing_volume_name": "",
                "hot_plug": false,
                "image": "default/image-ffn9f",
                "name": "rootdisk",
                "size": "50Gi",
                "storage_class_name": "longhorn-image-ffn9f",
                "type": "disk",
                "volume_mode": "Block",
                "volume_name": "salt-master-rootdisk-zclg4"
              }
            ],
            "efi": true,
            "hostname": "salt-master",
            "id": "default/salt-master",
            "input": [],
            "machine_type": "q35",
            "memory": "8Gi",
            "message": null,
            "name": "salt-master",
            "namespace": "default",
            "network_interface": [
              {
                "interface_name": "enp1s0",
                "ip_address": "10.0.2.170",
                "mac_address": "42:bf:bd:d7:ba:0d",
                "model": "virtio",
                "name": "nic-1",
                "network_name": "default/vlan2",
                "type": "bridge",
                "wait_for_lease": true
              }
            ],
            "node_name": "harv2",
            "reserved_memory": "100Mi",
            "restart_after_update": true,
            "run_strategy": "RerunOnFailure",
            "secure_boot": false,
            "ssh_keys": [],
            "start": null,
            "state": "Ready",
            "tags": {
              "ssh-user": "ubuntu"
            },
            "timeouts": null,
            "tpm": []
          },
          "sensitive_attributes": [],
          "private": "eyJlMmJmYjczMC1lY2FhLTExZTYtOGY4OC0zNDM2M2JjN2M0YzAiOnsiY3JlYXRlIjoxMjAwMDAwMDAwMDAsImRlZmF1bHQiOjEyMDAwMDAwMDAwMCwiZGVsZXRlIjozMDAwMDAwMDAwMDAsInJlYWQiOjEyMDAwMDAwMDAwMCwidXBkYXRlIjoxMjAwMDAwMDAwMDB9fQ=="
        }
      ]
    }
  ],
  "check_results": null
}
