{
  "version": 4,
  "terraform_version": "1.10.3",
  "serial": 57,
  "lineage": "493d0b04-ab7a-e547-aeb3-1a3e005aaafe",
  "outputs": {},
  "resources": [
    {
      "mode": "managed",
      "type": "harvester_virtualmachine",
      "name": "minions",
      "provider": "provider[\"registry.terraform.io/harvester/harvester\"]",
      "instances": [
        {
          "schema_version": 0,
          "attributes": {
            "cloudinit": [
              {
                "network_data": "",
                "network_data_base64": "",
                "network_data_secret_name": "jelly-clone",
                "type": "noCloud",
                "user_data": "",
                "user_data_base64": "",
                "user_data_secret_name": "jelly-clone"
              }
            ],
            "cpu": 8,
            "description": "Salt Master Node",
            "disk": [
              {
                "access_mode": "ReadWriteMany",
                "auto_delete": true,
                "boot_order": 1,
                "bus": "virtio",
                "container_image_name": "",
                "existing_volume_name": "",
                "hot_plug": false,
                "image": "default/image-9hhhz",
                "name": "rootdisk",
                "size": "50Gi",
                "storage_class_name": "longhorn-image-9hhhz",
                "type": "disk",
                "volume_mode": "Block",
                "volume_name": "salt-master-rootdisk-g7mpw"
              }
            ],
            "efi": true,
            "hostname": "salt-master",
            "id": "default/salt-master",
            "input": [],
            "machine_type": "q35",
            "memory": "16Gi",
            "message": null,
            "name": "salt-master",
            "namespace": "default",
            "network_interface": [
              {
                "interface_name": "",
                "ip_address": "2601:249:9280:22a1:48b:2ff:fe3e:2bc8",
                "mac_address": "06:8b:02:3e:2b:c8",
                "model": "virtio",
                "name": "nic-1",
                "network_name": "default/u-v2",
                "type": "bridge",
                "wait_for_lease": true
              }
            ],
            "node_name": "vm-harv-4",
            "reserved_memory": "100Mi",
            "restart_after_update": true,
            "run_strategy": "RerunOnFailure",
            "secure_boot": false,
            "ssh_keys": null,
            "start": null,
            "state": "Ready",
            "tags": {
              "ssh-user": "ubuntu"
            },
            "timeouts": null,
            "tpm": []
          },
          "sensitive_attributes": [],
          "private": "eyJlMmJmYjczMC1lY2FhLTExZTYtOGY4OC0zNDM2M2JjN2M0YzAiOnsiY3JlYXRlIjoxMjAwMDAwMDAwMDAsImRlZmF1bHQiOjEyMDAwMDAwMDAwMCwiZGVsZXRlIjozMDAwMDAwMDAwMDAsInJlYWQiOjEyMDAwMDAwMDAwMCwidXBkYXRlIjoxMjAwMDAwMDAwMDB9fQ=="
        }
      ]
    }
  ],
  "check_results": null
}
