{
  "version": 4,
  "terraform_version": "1.10.3",
  "serial": 228,
  "lineage": "493d0b04-ab7a-e547-aeb3-1a3e005aaafe",
  "outputs": {},
  "resources": [
    {
      "mode": "managed",
      "type": "harvester_virtualmachine",
      "name": "minion",
      "provider": "provider[\"registry.terraform.io/harvester/harvester\"]",
      "instances": [
        {
          "index_key": 0,
          "status": "tainted",
          "schema_version": 0,
          "attributes": {
            "cloudinit": [
              {
                "network_data": "",
                "network_data_base64": "",
                "network_data_secret_name": "",
                "type": "noCloud",
                "user_data": "",
                "user_data_base64": "",
                "user_data_secret_name": "minion-salt"
              }
            ],
            "cpu": 6,
            "description": "ubuntu24 minion image",
            "disk": [
              {
                "access_mode": "ReadWriteMany",
                "auto_delete": true,
                "boot_order": 1,
                "bus": "virtio",
                "container_image_name": "",
                "existing_volume_name": "",
                "hot_plug": false,
                "image": "default/image-9hhhz",
                "name": "rootdisk",
                "size": "50Gi",
                "storage_class_name": "longhorn-image-9hhhz",
                "type": "disk",
                "volume_mode": "Block",
                "volume_name": "minion-0-rootdisk-c9bp9"
              }
            ],
            "efi": true,
            "hostname": "minion-0",
            "id": "default/minion-0",
            "input": [],
            "machine_type": "q35",
            "memory": "12Gi",
            "message": null,
            "name": "minion-0",
            "namespace": "default",
            "network_interface": [
              {
                "interface_name": "",
                "ip_address": "",
                "mac_address": "6e:60:8d:fc:62:20",
                "model": "virtio",
                "name": "nic-1",
                "network_name": "default/u-v2",
                "type": "bridge",
                "wait_for_lease": true
              }
            ],
            "node_name": "vm-harv-lnx2",
            "reserved_memory": "100Mi",
            "restart_after_update": true,
            "run_strategy": "RerunOnFailure",
            "secure_boot": false,
            "ssh_keys": null,
            "start": null,
            "state": "Running",
            "tags": {
              "ssh-user": "ubuntu"
            },
            "timeouts": null,
            "tpm": []
          },
          "sensitive_attributes": [],
          "private": "eyJlMmJmYjczMC1lY2FhLTExZTYtOGY4OC0zNDM2M2JjN2M0YzAiOnsiY3JlYXRlIjoxMjAwMDAwMDAwMDAsImRlZmF1bHQiOjEyMDAwMDAwMDAwMCwiZGVsZXRlIjozMDAwMDAwMDAwMDAsInJlYWQiOjEyMDAwMDAwMDAwMCwidXBkYXRlIjoxMjAwMDAwMDAwMDB9fQ=="
        },
        {
          "index_key": 1,
          "status": "tainted",
          "schema_version": 0,
          "attributes": {
            "cloudinit": [
              {
                "network_data": "",
                "network_data_base64": "",
                "network_data_secret_name": "",
                "type": "noCloud",
                "user_data": "",
                "user_data_base64": "",
                "user_data_secret_name": "minion-salt"
              }
            ],
            "cpu": 6,
            "description": "ubuntu24 minion image",
            "disk": [
              {
                "access_mode": "ReadWriteMany",
                "auto_delete": true,
                "boot_order": 1,
                "bus": "virtio",
                "container_image_name": "",
                "existing_volume_name": "",
                "hot_plug": false,
                "image": "default/image-9hhhz",
                "name": "rootdisk",
                "size": "50Gi",
                "storage_class_name": "longhorn-image-9hhhz",
                "type": "disk",
                "volume_mode": "Block",
                "volume_name": "minion-1-rootdisk-v5jjl"
              }
            ],
            "efi": true,
            "hostname": "minion-1",
            "id": "default/minion-1",
            "input": [],
            "machine_type": "q35",
            "memory": "12Gi",
            "message": null,
            "name": "minion-1",
            "namespace": "default",
            "network_interface": [
              {
                "interface_name": "",
                "ip_address": "",
                "mac_address": "26:01:93:65:d0:fb",
                "model": "virtio",
                "name": "nic-1",
                "network_name": "default/u-v2",
                "type": "bridge",
                "wait_for_lease": true
              }
            ],
            "node_name": "vm-harv-4",
            "reserved_memory": "100Mi",
            "restart_after_update": true,
            "run_strategy": "RerunOnFailure",
            "secure_boot": false,
            "ssh_keys": null,
            "start": null,
            "state": "Running",
            "tags": {
              "ssh-user": "ubuntu"
            },
            "timeouts": null,
            "tpm": []
          },
          "sensitive_attributes": [],
          "private": "eyJlMmJmYjczMC1lY2FhLTExZTYtOGY4OC0zNDM2M2JjN2M0YzAiOnsiY3JlYXRlIjoxMjAwMDAwMDAwMDAsImRlZmF1bHQiOjEyMDAwMDAwMDAwMCwiZGVsZXRlIjozMDAwMDAwMDAwMDAsInJlYWQiOjEyMDAwMDAwMDAwMCwidXBkYXRlIjoxMjAwMDAwMDAwMDB9fQ=="
        },
        {
          "index_key": 2,
          "status": "tainted",
          "schema_version": 0,
          "attributes": {
            "cloudinit": [
              {
                "network_data": "",
                "network_data_base64": "",
                "network_data_secret_name": "",
                "type": "noCloud",
                "user_data": "",
                "user_data_base64": "",
                "user_data_secret_name": "minion-salt"
              }
            ],
            "cpu": 6,
            "description": "ubuntu24 minion image",
            "disk": [
              {
                "access_mode": "ReadWriteMany",
                "auto_delete": true,
                "boot_order": 1,
                "bus": "virtio",
                "container_image_name": "",
                "existing_volume_name": "",
                "hot_plug": false,
                "image": "default/image-9hhhz",
                "name": "rootdisk",
                "size": "50Gi",
                "storage_class_name": "longhorn-image-9hhhz",
                "type": "disk",
                "volume_mode": "Block",
                "volume_name": "minion-2-rootdisk-5vm5d"
              }
            ],
            "efi": true,
            "hostname": "minion-2",
            "id": "default/minion-2",
            "input": [],
            "machine_type": "q35",
            "memory": "12Gi",
            "message": null,
            "name": "minion-2",
            "namespace": "default",
            "network_interface": [
              {
                "interface_name": "",
                "ip_address": "",
                "mac_address": "42:bd:da:ca:fb:00",
                "model": "virtio",
                "name": "nic-1",
                "network_name": "default/u-v2",
                "type": "bridge",
                "wait_for_lease": true
              }
            ],
            "node_name": "vm-harv-lnx2",
            "reserved_memory": "100Mi",
            "restart_after_update": true,
            "run_strategy": "RerunOnFailure",
            "secure_boot": false,
            "ssh_keys": null,
            "start": null,
            "state": "Running",
            "tags": {
              "ssh-user": "ubuntu"
            },
            "timeouts": null,
            "tpm": []
          },
          "sensitive_attributes": [],
          "private": "eyJlMmJmYjczMC1lY2FhLTExZTYtOGY4OC0zNDM2M2JjN2M0YzAiOnsiY3JlYXRlIjoxMjAwMDAwMDAwMDAsImRlZmF1bHQiOjEyMDAwMDAwMDAwMCwiZGVsZXRlIjozMDAwMDAwMDAwMDAsInJlYWQiOjEyMDAwMDAwMDAwMCwidXBkYXRlIjoxMjAwMDAwMDAwMDB9fQ=="
        },
        {
          "index_key": 3,
          "schema_version": 0,
          "attributes": {
            "cloudinit": [
              {
                "network_data": "",
                "network_data_base64": "",
                "network_data_secret_name": "",
                "type": "noCloud",
                "user_data": "",
                "user_data_base64": "",
                "user_data_secret_name": "minion-salt"
              }
            ],
            "cpu": 6,
            "description": "ubuntu24 minion image",
            "disk": [
              {
                "access_mode": "ReadWriteMany",
                "auto_delete": true,
                "boot_order": 1,
                "bus": "virtio",
                "container_image_name": "",
                "existing_volume_name": "",
                "hot_plug": false,
                "image": "default/image-9hhhz",
                "name": "rootdisk",
                "size": "50Gi",
                "storage_class_name": "longhorn-image-9hhhz",
                "type": "disk",
                "volume_mode": "Block",
                "volume_name": "minion-3-rootdisk-9bh2q"
              }
            ],
            "efi": true,
            "hostname": "minion-3",
            "id": "default/minion-3",
            "input": [],
            "machine_type": "q35",
            "memory": "12Gi",
            "message": null,
            "name": "minion-3",
            "namespace": "default",
            "network_interface": [
              {
                "interface_name": "",
                "ip_address": "2601:249:9280:22a1:ac99:88ff:fe4f:cef1",
                "mac_address": "ae:99:88:4f:ce:f1",
                "model": "virtio",
                "name": "nic-1",
                "network_name": "default/u-v2",
                "type": "bridge",
                "wait_for_lease": true
              }
            ],
            "node_name": "vm-harv-lnx1",
            "reserved_memory": "100Mi",
            "restart_after_update": true,
            "run_strategy": "RerunOnFailure",
            "secure_boot": false,
            "ssh_keys": null,
            "start": null,
            "state": "Ready",
            "tags": {
              "ssh-user": "ubuntu"
            },
            "timeouts": null,
            "tpm": []
          },
          "sensitive_attributes": [],
          "private": "eyJlMmJmYjczMC1lY2FhLTExZTYtOGY4OC0zNDM2M2JjN2M0YzAiOnsiY3JlYXRlIjoxMjAwMDAwMDAwMDAsImRlZmF1bHQiOjEyMDAwMDAwMDAwMCwiZGVsZXRlIjozMDAwMDAwMDAwMDAsInJlYWQiOjEyMDAwMDAwMDAwMCwidXBkYXRlIjoxMjAwMDAwMDAwMDB9fQ=="
        },
        {
          "index_key": 4,
          "schema_version": 0,
          "attributes": {
            "cloudinit": [
              {
                "network_data": "",
                "network_data_base64": "",
                "network_data_secret_name": "",
                "type": "noCloud",
                "user_data": "",
                "user_data_base64": "",
                "user_data_secret_name": "minion-salt"
              }
            ],
            "cpu": 6,
            "description": "ubuntu24 minion image",
            "disk": [
              {
                "access_mode": "ReadWriteMany",
                "auto_delete": true,
                "boot_order": 1,
                "bus": "virtio",
                "container_image_name": "",
                "existing_volume_name": "",
                "hot_plug": false,
                "image": "default/image-9hhhz",
                "name": "rootdisk",
                "size": "50Gi",
                "storage_class_name": "longhorn-image-9hhhz",
                "type": "disk",
                "volume_mode": "Block",
                "volume_name": "minion-4-rootdisk-b299b"
              }
            ],
            "efi": true,
            "hostname": "minion-4",
            "id": "default/minion-4",
            "input": [],
            "machine_type": "q35",
            "memory": "12Gi",
            "message": null,
            "name": "minion-4",
            "namespace": "default",
            "network_interface": [
              {
                "interface_name": "",
                "ip_address": "2601:249:9280:22a1:d043:12ff:fef4:eb09",
                "mac_address": "d2:43:12:f4:eb:09",
                "model": "virtio",
                "name": "nic-1",
                "network_name": "default/u-v2",
                "type": "bridge",
                "wait_for_lease": true
              }
            ],
            "node_name": "vm-harv-lnx1",
            "reserved_memory": "100Mi",
            "restart_after_update": true,
            "run_strategy": "RerunOnFailure",
            "secure_boot": false,
            "ssh_keys": null,
            "start": null,
            "state": "Ready",
            "tags": {
              "ssh-user": "ubuntu"
            },
            "timeouts": null,
            "tpm": []
          },
          "sensitive_attributes": [],
          "private": "eyJlMmJmYjczMC1lY2FhLTExZTYtOGY4OC0zNDM2M2JjN2M0YzAiOnsiY3JlYXRlIjoxMjAwMDAwMDAwMDAsImRlZmF1bHQiOjEyMDAwMDAwMDAwMCwiZGVsZXRlIjozMDAwMDAwMDAwMDAsInJlYWQiOjEyMDAwMDAwMDAwMCwidXBkYXRlIjoxMjAwMDAwMDAwMDB9fQ=="
        },
        {
          "index_key": 5,
          "status": "tainted",
          "schema_version": 0,
          "attributes": {
            "cloudinit": [
              {
                "network_data": "",
                "network_data_base64": "",
                "network_data_secret_name": "",
                "type": "noCloud",
                "user_data": "",
                "user_data_base64": "",
                "user_data_secret_name": "minion-salt"
              }
            ],
            "cpu": 6,
            "description": "ubuntu24 minion image",
            "disk": [
              {
                "access_mode": "ReadWriteMany",
                "auto_delete": true,
                "boot_order": 1,
                "bus": "virtio",
                "container_image_name": "",
                "existing_volume_name": "",
                "hot_plug": false,
                "image": "default/image-9hhhz",
                "name": "rootdisk",
                "size": "50Gi",
                "storage_class_name": "longhorn-image-9hhhz",
                "type": "disk",
                "volume_mode": "Block",
                "volume_name": "minion-5-rootdisk-44lcs"
              }
            ],
            "efi": true,
            "hostname": "minion-5",
            "id": "default/minion-5",
            "input": [],
            "machine_type": "q35",
            "memory": "12Gi",
            "message": null,
            "name": "minion-5",
            "namespace": "default",
            "network_interface": [
              {
                "interface_name": "",
                "ip_address": "",
                "mac_address": "5a:d2:9b:f8:c0:45",
                "model": "virtio",
                "name": "nic-1",
                "network_name": "default/u-v2",
                "type": "bridge",
                "wait_for_lease": true
              }
            ],
            "node_name": "vm-harv-4",
            "reserved_memory": "100Mi",
            "restart_after_update": true,
            "run_strategy": "RerunOnFailure",
            "secure_boot": false,
            "ssh_keys": null,
            "start": null,
            "state": "Running",
            "tags": {
              "ssh-user": "ubuntu"
            },
            "timeouts": null,
            "tpm": []
          },
          "sensitive_attributes": [],
          "private": "eyJlMmJmYjczMC1lY2FhLTExZTYtOGY4OC0zNDM2M2JjN2M0YzAiOnsiY3JlYXRlIjoxMjAwMDAwMDAwMDAsImRlZmF1bHQiOjEyMDAwMDAwMDAwMCwiZGVsZXRlIjozMDAwMDAwMDAwMDAsInJlYWQiOjEyMDAwMDAwMDAwMCwidXBkYXRlIjoxMjAwMDAwMDAwMDB9fQ=="
        },
        {
          "index_key": 6,
          "status": "tainted",
          "schema_version": 0,
          "attributes": {
            "cloudinit": [
              {
                "network_data": "",
                "network_data_base64": "",
                "network_data_secret_name": "",
                "type": "noCloud",
                "user_data": "",
                "user_data_base64": "",
                "user_data_secret_name": "minion-salt"
              }
            ],
            "cpu": 6,
            "description": "ubuntu24 minion image",
            "disk": [
              {
                "access_mode": "ReadWriteMany",
                "auto_delete": true,
                "boot_order": 1,
                "bus": "virtio",
                "container_image_name": "",
                "existing_volume_name": "",
                "hot_plug": false,
                "image": "default/image-9hhhz",
                "name": "rootdisk",
                "size": "50Gi",
                "storage_class_name": "longhorn-image-9hhhz",
                "type": "disk",
                "volume_mode": "Block",
                "volume_name": "minion-6-rootdisk-9jlhh"
              }
            ],
            "efi": true,
            "hostname": "minion-6",
            "id": "default/minion-6",
            "input": [],
            "machine_type": "q35",
            "memory": "12Gi",
            "message": null,
            "name": "minion-6",
            "namespace": "default",
            "network_interface": [
              {
                "interface_name": "",
                "ip_address": "",
                "mac_address": "36:48:f6:8d:8c:52",
                "model": "virtio",
                "name": "nic-1",
                "network_name": "default/u-v2",
                "type": "bridge",
                "wait_for_lease": true
              }
            ],
            "node_name": "vm-harv-lnx2",
            "reserved_memory": "100Mi",
            "restart_after_update": true,
            "run_strategy": "RerunOnFailure",
            "secure_boot": false,
            "ssh_keys": null,
            "start": null,
            "state": "Running",
            "tags": {
              "ssh-user": "ubuntu"
            },
            "timeouts": null,
            "tpm": []
          },
          "sensitive_attributes": [],
          "private": "eyJlMmJmYjczMC1lY2FhLTExZTYtOGY4OC0zNDM2M2JjN2M0YzAiOnsiY3JlYXRlIjoxMjAwMDAwMDAwMDAsImRlZmF1bHQiOjEyMDAwMDAwMDAwMCwiZGVsZXRlIjozMDAwMDAwMDAwMDAsInJlYWQiOjEyMDAwMDAwMDAwMCwidXBkYXRlIjoxMjAwMDAwMDAwMDB9fQ=="
        },
        {
          "index_key": 7,
          "schema_version": 0,
          "attributes": {
            "cloudinit": [
              {
                "network_data": "",
                "network_data_base64": "",
                "network_data_secret_name": "",
                "type": "noCloud",
                "user_data": "",
                "user_data_base64": "",
                "user_data_secret_name": "minion-salt"
              }
            ],
            "cpu": 6,
            "description": "ubuntu24 minion image",
            "disk": [
              {
                "access_mode": "ReadWriteMany",
                "auto_delete": true,
                "boot_order": 1,
                "bus": "virtio",
                "container_image_name": "",
                "existing_volume_name": "",
                "hot_plug": false,
                "image": "default/image-9hhhz",
                "name": "rootdisk",
                "size": "50Gi",
                "storage_class_name": "longhorn-image-9hhhz",
                "type": "disk",
                "volume_mode": "Block",
                "volume_name": "minion-7-rootdisk-kt576"
              }
            ],
            "efi": true,
            "hostname": "minion-7",
            "id": "default/minion-7",
            "input": [],
            "machine_type": "q35",
            "memory": "12Gi",
            "message": null,
            "name": "minion-7",
            "namespace": "default",
            "network_interface": [
              {
                "interface_name": "",
                "ip_address": "2601:249:9280:22a1:cce7:efff:feb2:5383",
                "mac_address": "ce:e7:ef:b2:53:83",
                "model": "virtio",
                "name": "nic-1",
                "network_name": "default/u-v2",
                "type": "bridge",
                "wait_for_lease": true
              }
            ],
            "node_name": "vm-harv-lnx1",
            "reserved_memory": "100Mi",
            "restart_after_update": true,
            "run_strategy": "RerunOnFailure",
            "secure_boot": false,
            "ssh_keys": null,
            "start": null,
            "state": "Ready",
            "tags": {
              "ssh-user": "ubuntu"
            },
            "timeouts": null,
            "tpm": []
          },
          "sensitive_attributes": [],
          "private": "eyJlMmJmYjczMC1lY2FhLTExZTYtOGY4OC0zNDM2M2JjN2M0YzAiOnsiY3JlYXRlIjoxMjAwMDAwMDAwMDAsImRlZmF1bHQiOjEyMDAwMDAwMDAwMCwiZGVsZXRlIjozMDAwMDAwMDAwMDAsInJlYWQiOjEyMDAwMDAwMDAwMCwidXBkYXRlIjoxMjAwMDAwMDAwMDB9fQ=="
        },
        {
          "index_key": 8,
          "status": "tainted",
          "schema_version": 0,
          "attributes": {
            "cloudinit": [
              {
                "network_data": "",
                "network_data_base64": "",
                "network_data_secret_name": "",
                "type": "noCloud",
                "user_data": "",
                "user_data_base64": "",
                "user_data_secret_name": "minion-salt"
              }
            ],
            "cpu": 6,
            "description": "ubuntu24 minion image",
            "disk": [
              {
                "access_mode": "ReadWriteMany",
                "auto_delete": true,
                "boot_order": 1,
                "bus": "virtio",
                "container_image_name": "",
                "existing_volume_name": "",
                "hot_plug": false,
                "image": "default/image-9hhhz",
                "name": "rootdisk",
                "size": "50Gi",
                "storage_class_name": "longhorn-image-9hhhz",
                "type": "disk",
                "volume_mode": "Block",
                "volume_name": "minion-8-rootdisk-hl7z4"
              }
            ],
            "efi": true,
            "hostname": "minion-8",
            "id": "default/minion-8",
            "input": [],
            "machine_type": "q35",
            "memory": "12Gi",
            "message": null,
            "name": "minion-8",
            "namespace": "default",
            "network_interface": [
              {
                "interface_name": "",
                "ip_address": "",
                "mac_address": "e2:4c:43:43:b8:0f",
                "model": "virtio",
                "name": "nic-1",
                "network_name": "default/u-v2",
                "type": "bridge",
                "wait_for_lease": true
              }
            ],
            "node_name": "vm-harv-lnx2",
            "reserved_memory": "100Mi",
            "restart_after_update": true,
            "run_strategy": "RerunOnFailure",
            "secure_boot": false,
            "ssh_keys": null,
            "start": null,
            "state": "Running",
            "tags": {
              "ssh-user": "ubuntu"
            },
            "timeouts": null,
            "tpm": []
          },
          "sensitive_attributes": [],
          "private": "eyJlMmJmYjczMC1lY2FhLTExZTYtOGY4OC0zNDM2M2JjN2M0YzAiOnsiY3JlYXRlIjoxMjAwMDAwMDAwMDAsImRlZmF1bHQiOjEyMDAwMDAwMDAwMCwiZGVsZXRlIjozMDAwMDAwMDAwMDAsInJlYWQiOjEyMDAwMDAwMDAwMCwidXBkYXRlIjoxMjAwMDAwMDAwMDB9fQ=="
        },
        {
          "index_key": 9,
          "schema_version": 0,
          "attributes": {
            "cloudinit": [
              {
                "network_data": "",
                "network_data_base64": "",
                "network_data_secret_name": "",
                "type": "noCloud",
                "user_data": "",
                "user_data_base64": "",
                "user_data_secret_name": "minion-salt"
              }
            ],
            "cpu": 6,
            "description": "ubuntu24 minion image",
            "disk": [
              {
                "access_mode": "ReadWriteMany",
                "auto_delete": true,
                "boot_order": 1,
                "bus": "virtio",
                "container_image_name": "",
                "existing_volume_name": "",
                "hot_plug": false,
                "image": "default/image-9hhhz",
                "name": "rootdisk",
                "size": "50Gi",
                "storage_class_name": "longhorn-image-9hhhz",
                "type": "disk",
                "volume_mode": "Block",
                "volume_name": "minion-9-rootdisk-v76bh"
              }
            ],
            "efi": true,
            "hostname": "minion-9",
            "id": "default/minion-9",
            "input": [],
            "machine_type": "q35",
            "memory": "12Gi",
            "message": null,
            "name": "minion-9",
            "namespace": "default",
            "network_interface": [
              {
                "interface_name": "",
                "ip_address": "2601:249:9280:22a1:cab:57ff:fe3b:5181",
                "mac_address": "0e:ab:57:3b:51:81",
                "model": "virtio",
                "name": "nic-1",
                "network_name": "default/u-v2",
                "type": "bridge",
                "wait_for_lease": true
              }
            ],
            "node_name": "vm-harv-4",
            "reserved_memory": "100Mi",
            "restart_after_update": true,
            "run_strategy": "RerunOnFailure",
            "secure_boot": false,
            "ssh_keys": null,
            "start": null,
            "state": "Ready",
            "tags": {
              "ssh-user": "ubuntu"
            },
            "timeouts": null,
            "tpm": []
          },
          "sensitive_attributes": [],
          "private": "eyJlMmJmYjczMC1lY2FhLTExZTYtOGY4OC0zNDM2M2JjN2M0YzAiOnsiY3JlYXRlIjoxMjAwMDAwMDAwMDAsImRlZmF1bHQiOjEyMDAwMDAwMDAwMCwiZGVsZXRlIjozMDAwMDAwMDAwMDAsInJlYWQiOjEyMDAwMDAwMDAwMCwidXBkYXRlIjoxMjAwMDAwMDAwMDB9fQ=="
        }
      ]
    },
    {
      "mode": "managed",
      "type": "harvester_virtualmachine",
      "name": "salt-master",
      "provider": "provider[\"registry.terraform.io/harvester/harvester\"]",
      "instances": [
        {
          "schema_version": 0,
          "attributes": {
            "cloudinit": [
              {
                "network_data": "",
                "network_data_base64": "",
                "network_data_secret_name": "jelly-clone",
                "type": "noCloud",
                "user_data": "",
                "user_data_base64": "",
                "user_data_secret_name": "jelly-clone"
              }
            ],
            "cpu": 8,
            "description": "Salt Master Node",
            "disk": [
              {
                "access_mode": "ReadWriteMany",
                "auto_delete": true,
                "boot_order": 1,
                "bus": "virtio",
                "container_image_name": "",
                "existing_volume_name": "",
                "hot_plug": false,
                "image": "default/image-9hhhz",
                "name": "rootdisk",
                "size": "50Gi",
                "storage_class_name": "longhorn-image-9hhhz",
                "type": "disk",
                "volume_mode": "Block",
                "volume_name": "salt-master-rootdisk-qgb5b"
              }
            ],
            "efi": true,
            "hostname": "salt-master",
            "id": "default/salt-master",
            "input": [],
            "machine_type": "q35",
            "memory": "12Gi",
            "message": null,
            "name": "salt-master",
            "namespace": "default",
            "network_interface": [
              {
                "interface_name": "enp1s0",
                "ip_address": "10.0.2.65",
                "mac_address": "e6:87:2e:16:4f:f8",
                "model": "virtio",
                "name": "nic-1",
                "network_name": "default/u-v2",
                "type": "bridge",
                "wait_for_lease": true
              }
            ],
            "node_name": "vm-harv-4",
            "reserved_memory": "100Mi",
            "restart_after_update": true,
            "run_strategy": "RerunOnFailure",
            "secure_boot": false,
            "ssh_keys": [],
            "start": null,
            "state": "Ready",
            "tags": {
              "ssh-user": "ubuntu"
            },
            "timeouts": null,
            "tpm": []
          },
          "sensitive_attributes": [],
          "private": "eyJlMmJmYjczMC1lY2FhLTExZTYtOGY4OC0zNDM2M2JjN2M0YzAiOnsiY3JlYXRlIjoxMjAwMDAwMDAwMDAsImRlZmF1bHQiOjEyMDAwMDAwMDAwMCwiZGVsZXRlIjozMDAwMDAwMDAwMDAsInJlYWQiOjEyMDAwMDAwMDAwMCwidXBkYXRlIjoxMjAwMDAwMDAwMDB9fQ=="
        }
      ]
    }
  ],
  "check_results": null
}
